
Microsoft Visual Studio Solution File, Format Version 12.00
# Visual Studio Version 17
VisualStudioVersion = 17.8.34316.72
MinimumVisualStudioVersion = 10.0.40219.1
Project("{9092AA53-FB77-4645-B42D-1CCCA6BD08BD}") = "VulnerableNodejsWebApp", "VulnerableNodejsWebApp.njsproj", "{250189F3-5F79-434F-8550-BFBDE41A18BE}"
EndProject
Global
	GlobalSection(SolutionConfigurationPlatforms) = preSolution
		Debug|Any CPU = Debug|Any CPU
		Release|Any CPU = Release|Any CPU
	EndGlobalSection
	GlobalSection(ProjectConfigurationPlatforms) = postSolution
		{250189F3-5F79-434F-8550-BFBDE41A18BE}.Debug|Any CPU.ActiveCfg = Debug|Any CPU
		{250189F3-5F79-434F-8550-BFBDE41A18BE}.Debug|Any CPU.Build.0 = Debug|Any CPU
		{250189F3-5F79-434F-8550-BFBDE41A18BE}.Release|Any CPU.ActiveCfg = Release|Any CPU
		{250189F3-5F79-434F-8550-BFBDE41A18BE}.Release|Any CPU.Build.0 = Release|Any CPU
	EndGlobalSection
	GlobalSection(SolutionProperties) = preSolution
		HideSolutionNode = FALSE
	EndGlobalSection
	GlobalSection(ExtensibilityGlobals) = postSolution
		SolutionGuid = {A4DE31F4-E481-4343-940E-55238131ABBB}
	EndGlobalSection
EndGlobal
